
Microsoft Visual Studio Solution File, Format Version 12.00
# Visual Studio Version 17
VisualStudioVersion = 17.5.33627.172
MinimumVisualStudioVersion = 10.0.40219.1
Project("{FAE04EC0-301F-11D3-BF4B-00C04F79EFBC}") = "01. Match Full Name", "01. Match Full Name\01. Match Full Name.csproj", "{C175E168-4F8F-41CC-91F4-B1962252EE76}"
EndProject
Project("{FAE04EC0-301F-11D3-BF4B-00C04F79EFBC}") = "02. Match Phone Number", "02. Match Phone Number\02. Match Phone Number.csproj", "{C4926B01-9EF0-4A35-8747-949D55164249}"
EndProject
Project("{FAE04EC0-301F-11D3-BF4B-00C04F79EFBC}") = "03. Match Dates", "03. Match Dates\03. Match Dates.csproj", "{E9240E2C-B72F-40A6-B95C-50379D4C9DDC}"
EndProject
Global
	GlobalSection(SolutionConfigurationPlatforms) = preSolution
		Debug|Any CPU = Debug|Any CPU
		Release|Any CPU = Release|Any CPU
	EndGlobalSection
	GlobalSection(ProjectConfigurationPlatforms) = postSolution
		{C175E168-4F8F-41CC-91F4-B1962252EE76}.Debug|Any CPU.ActiveCfg = Debug|Any CPU
		{C175E168-4F8F-41CC-91F4-B1962252EE76}.Debug|Any CPU.Build.0 = Debug|Any CPU
		{C175E168-4F8F-41CC-91F4-B1962252EE76}.Release|Any CPU.ActiveCfg = Release|Any CPU
		{C175E168-4F8F-41CC-91F4-B1962252EE76}.Release|Any CPU.Build.0 = Release|Any CPU
		{C4926B01-9EF0-4A35-8747-949D55164249}.Debug|Any CPU.ActiveCfg = Debug|Any CPU
		{C4926B01-9EF0-4A35-8747-949D55164249}.Debug|Any CPU.Build.0 = Debug|Any CPU
		{C4926B01-9EF0-4A35-8747-949D55164249}.Release|Any CPU.ActiveCfg = Release|Any CPU
		{C4926B01-9EF0-4A35-8747-949D55164249}.Release|Any CPU.Build.0 = Release|Any CPU
		{E9240E2C-B72F-40A6-B95C-50379D4C9DDC}.Debug|Any CPU.ActiveCfg = Debug|Any CPU
		{E9240E2C-B72F-40A6-B95C-50379D4C9DDC}.Debug|Any CPU.Build.0 = Debug|Any CPU
		{E9240E2C-B72F-40A6-B95C-50379D4C9DDC}.Release|Any CPU.ActiveCfg = Release|Any CPU
		{E9240E2C-B72F-40A6-B95C-50379D4C9DDC}.Release|Any CPU.Build.0 = Release|Any CPU
	EndGlobalSection
	GlobalSection(SolutionProperties) = preSolution
		HideSolutionNode = FALSE
	EndGlobalSection
	GlobalSection(ExtensibilityGlobals) = postSolution
		SolutionGuid = {C3F5F40D-0BC5-4E00-AC54-7821AF2CDB2B}
	EndGlobalSection
EndGlobal
