
Microsoft Visual Studio Solution File, Format Version 12.00
# Visual Studio Version 17
VisualStudioVersion = 17.5.33627.172
MinimumVisualStudioVersion = 10.0.40219.1
Project("{FAE04EC0-301F-11D3-BF4B-00C04F79EFBC}") = "2. English Name of the Last Digit", "2. English Name of the Last Digit\2. English Name of the Last Digit.csproj", "{8DE40D8C-14A1-4032-BE61-464C1BF4F26C}"
EndProject
Project("{FAE04EC0-301F-11D3-BF4B-00C04F79EFBC}") = "03. Gaming Store", "03. Gaming Store\03. Gaming Store.csproj", "{A5EBF338-5112-4DD4-9766-E53E54E943B9}"
EndProject
Global
	GlobalSection(SolutionConfigurationPlatforms) = preSolution
		Debug|Any CPU = Debug|Any CPU
		Release|Any CPU = Release|Any CPU
	EndGlobalSection
	GlobalSection(ProjectConfigurationPlatforms) = postSolution
		{8DE40D8C-14A1-4032-BE61-464C1BF4F26C}.Debug|Any CPU.ActiveCfg = Debug|Any CPU
		{8DE40D8C-14A1-4032-BE61-464C1BF4F26C}.Debug|Any CPU.Build.0 = Debug|Any CPU
		{8DE40D8C-14A1-4032-BE61-464C1BF4F26C}.Release|Any CPU.ActiveCfg = Release|Any CPU
		{8DE40D8C-14A1-4032-BE61-464C1BF4F26C}.Release|Any CPU.Build.0 = Release|Any CPU
		{A5EBF338-5112-4DD4-9766-E53E54E943B9}.Debug|Any CPU.ActiveCfg = Debug|Any CPU
		{A5EBF338-5112-4DD4-9766-E53E54E943B9}.Debug|Any CPU.Build.0 = Debug|Any CPU
		{A5EBF338-5112-4DD4-9766-E53E54E943B9}.Release|Any CPU.ActiveCfg = Release|Any CPU
		{A5EBF338-5112-4DD4-9766-E53E54E943B9}.Release|Any CPU.Build.0 = Release|Any CPU
	EndGlobalSection
	GlobalSection(SolutionProperties) = preSolution
		HideSolutionNode = FALSE
	EndGlobalSection
	GlobalSection(ExtensibilityGlobals) = postSolution
		SolutionGuid = {9A41DDDA-5B83-46DC-B814-99263809F42A}
	EndGlobalSection
EndGlobal
