
Microsoft Visual Studio Solution File, Format Version 12.00
# Visual Studio Version 17
VisualStudioVersion = 17.5.33627.172
MinimumVisualStudioVersion = 10.0.40219.1
Project("{9A19103F-16F7-4668-BE54-9A1E7A4F7556}") = "01. Password Reset", "01. Password Reset\01. Password Reset.csproj", "{1E2DC097-638D-4A55-919F-5956CD07BEB8}"
EndProject
Project("{9A19103F-16F7-4668-BE54-9A1E7A4F7556}") = "02. Fancy Barcodes", "02. Fancy Barcodes\02. Fancy Barcodes.csproj", "{4939DDC7-ADA6-4FAB-8AFF-6F9623C01ED2}"
EndProject
Project("{9A19103F-16F7-4668-BE54-9A1E7A4F7556}") = "03. Heroes of Code and Logic VII", "03. Heroes of Code and Logic VII\03. Heroes of Code and Logic VII.csproj", "{67760494-EC72-4FCD-8836-2B64AC099338}"
EndProject
Project("{FAE04EC0-301F-11D3-BF4B-00C04F79EFBC}") = "04. Hogwarts", "04. Hogwarts\04. Hogwarts.csproj", "{2E0BA072-12D8-44A0-B43A-9E29A1A9C469}"
EndProject
Global
	GlobalSection(SolutionConfigurationPlatforms) = preSolution
		Debug|Any CPU = Debug|Any CPU
		Release|Any CPU = Release|Any CPU
	EndGlobalSection
	GlobalSection(ProjectConfigurationPlatforms) = postSolution
		{1E2DC097-638D-4A55-919F-5956CD07BEB8}.Debug|Any CPU.ActiveCfg = Debug|Any CPU
		{1E2DC097-638D-4A55-919F-5956CD07BEB8}.Debug|Any CPU.Build.0 = Debug|Any CPU
		{1E2DC097-638D-4A55-919F-5956CD07BEB8}.Release|Any CPU.ActiveCfg = Release|Any CPU
		{1E2DC097-638D-4A55-919F-5956CD07BEB8}.Release|Any CPU.Build.0 = Release|Any CPU
		{4939DDC7-ADA6-4FAB-8AFF-6F9623C01ED2}.Debug|Any CPU.ActiveCfg = Debug|Any CPU
		{4939DDC7-ADA6-4FAB-8AFF-6F9623C01ED2}.Debug|Any CPU.Build.0 = Debug|Any CPU
		{4939DDC7-ADA6-4FAB-8AFF-6F9623C01ED2}.Release|Any CPU.ActiveCfg = Release|Any CPU
		{4939DDC7-ADA6-4FAB-8AFF-6F9623C01ED2}.Release|Any CPU.Build.0 = Release|Any CPU
		{67760494-EC72-4FCD-8836-2B64AC099338}.Debug|Any CPU.ActiveCfg = Debug|Any CPU
		{67760494-EC72-4FCD-8836-2B64AC099338}.Debug|Any CPU.Build.0 = Debug|Any CPU
		{67760494-EC72-4FCD-8836-2B64AC099338}.Release|Any CPU.ActiveCfg = Release|Any CPU
		{67760494-EC72-4FCD-8836-2B64AC099338}.Release|Any CPU.Build.0 = Release|Any CPU
		{2E0BA072-12D8-44A0-B43A-9E29A1A9C469}.Debug|Any CPU.ActiveCfg = Debug|Any CPU
		{2E0BA072-12D8-44A0-B43A-9E29A1A9C469}.Debug|Any CPU.Build.0 = Debug|Any CPU
		{2E0BA072-12D8-44A0-B43A-9E29A1A9C469}.Release|Any CPU.ActiveCfg = Release|Any CPU
		{2E0BA072-12D8-44A0-B43A-9E29A1A9C469}.Release|Any CPU.Build.0 = Release|Any CPU
	EndGlobalSection
	GlobalSection(SolutionProperties) = preSolution
		HideSolutionNode = FALSE
	EndGlobalSection
	GlobalSection(ExtensibilityGlobals) = postSolution
		SolutionGuid = {B1E6C0BE-6C2A-4270-8E52-10E8BAB3679B}
	EndGlobalSection
EndGlobal
